
Microsoft Visual Studio Solution File, Format Version 12.00
# Visual Studio Version 16
VisualStudioVersion = 16.0.30011.22
MinimumVisualStudioVersion = 10.0.40219.1
Project("{FAE04EC0-301F-11D3-BF4B-00C04F79EFBC}") = "POO3a18", "POO3a18\POO3a18.csproj", "{B3889554-387C-4A41-B6AC-6B437890C422}"
EndProject
Global
	GlobalSection(SolutionConfigurationPlatforms) = preSolution
		Debug|Any CPU = Debug|Any CPU
		Release|Any CPU = Release|Any CPU
	EndGlobalSection
	GlobalSection(ProjectConfigurationPlatforms) = postSolution
		{B3889554-387C-4A41-B6AC-6B437890C422}.Debug|Any CPU.ActiveCfg = Debug|Any CPU
		{B3889554-387C-4A41-B6AC-6B437890C422}.Debug|Any CPU.Build.0 = Debug|Any CPU
		{B3889554-387C-4A41-B6AC-6B437890C422}.Release|Any CPU.ActiveCfg = Release|Any CPU
		{B3889554-387C-4A41-B6AC-6B437890C422}.Release|Any CPU.Build.0 = Release|Any CPU
	EndGlobalSection
	GlobalSection(SolutionProperties) = preSolution
		HideSolutionNode = FALSE
	EndGlobalSection
	GlobalSection(ExtensibilityGlobals) = postSolution
		SolutionGuid = {84502D42-C1F4-45F5-B3C8-E7316A5466EF}
	EndGlobalSection
EndGlobal
